
Microsoft Visual Studio Solution File, Format Version 12.00
Project("{FAE04EC0-301F-11D3-BF4B-00C04F79EFBC}") = "Testing", "Testing\Testing.csproj", "{8C7DE764-9106-421A-A70E-1651A824873C}"
EndProject
Project("{FAE04EC0-301F-11D3-BF4B-00C04F79EFBC}") = "DualSenseSupport", "DualSenseSupport\DualSenseSupport.csproj", "{6703B03F-E152-446F-A56E-5C226D169848}"
EndProject
Project("{FAE04EC0-301F-11D3-BF4B-00C04F79EFBC}") = "Testing2", "Testing2\Testing2.csproj", "{FFA4FFC1-55A7-418E-9F13-5EDFBB851B11}"
EndProject
Global
	GlobalSection(SolutionConfigurationPlatforms) = preSolution
		Debug|Any CPU = Debug|Any CPU
		Debug|x64 = Debug|x64
		Release|Any CPU = Release|Any CPU
	EndGlobalSection
	GlobalSection(ProjectConfigurationPlatforms) = postSolution
		{8C7DE764-9106-421A-A70E-1651A824873C}.Debug|Any CPU.ActiveCfg = Debug|Any CPU
		{8C7DE764-9106-421A-A70E-1651A824873C}.Debug|Any CPU.Build.0 = Debug|Any CPU
		{8C7DE764-9106-421A-A70E-1651A824873C}.Release|Any CPU.ActiveCfg = Release|Any CPU
		{8C7DE764-9106-421A-A70E-1651A824873C}.Release|Any CPU.Build.0 = Release|Any CPU
		{8C7DE764-9106-421A-A70E-1651A824873C}.Debug|x64.ActiveCfg = Debug|x64
		{8C7DE764-9106-421A-A70E-1651A824873C}.Debug|x64.Build.0 = Debug|x64
		{6703B03F-E152-446F-A56E-5C226D169848}.Debug|Any CPU.ActiveCfg = Debug|Any CPU
		{6703B03F-E152-446F-A56E-5C226D169848}.Debug|Any CPU.Build.0 = Debug|Any CPU
		{6703B03F-E152-446F-A56E-5C226D169848}.Release|Any CPU.ActiveCfg = Release|Any CPU
		{6703B03F-E152-446F-A56E-5C226D169848}.Release|Any CPU.Build.0 = Release|Any CPU
		{6703B03F-E152-446F-A56E-5C226D169848}.Debug|x64.ActiveCfg = Debug|x64
		{6703B03F-E152-446F-A56E-5C226D169848}.Debug|x64.Build.0 = Debug|x64
		{FFA4FFC1-55A7-418E-9F13-5EDFBB851B11}.Debug|Any CPU.ActiveCfg = Debug|Any CPU
		{FFA4FFC1-55A7-418E-9F13-5EDFBB851B11}.Debug|Any CPU.Build.0 = Debug|Any CPU
		{FFA4FFC1-55A7-418E-9F13-5EDFBB851B11}.Release|Any CPU.ActiveCfg = Release|Any CPU
		{FFA4FFC1-55A7-418E-9F13-5EDFBB851B11}.Release|Any CPU.Build.0 = Release|Any CPU
		{FFA4FFC1-55A7-418E-9F13-5EDFBB851B11}.Debug|x64.ActiveCfg = Debug|x64
		{FFA4FFC1-55A7-418E-9F13-5EDFBB851B11}.Debug|x64.Build.0 = Debug|x64
	EndGlobalSection
EndGlobal
