
Microsoft Visual Studio Solution File, Format Version 12.00
# Visual Studio Version 16
VisualStudioVersion = 16.0.30717.126
MinimumVisualStudioVersion = 10.0.40219.1
Project("{FAE04EC0-301F-11D3-BF4B-00C04F79EFBC}") = "Testing", "Testing\Testing.csproj", "{8C7DE764-9106-421A-A70E-1651A824873C}"
EndProject
Project("{FAE04EC0-301F-11D3-BF4B-00C04F79EFBC}") = "DualSenseSupport", "DualSenseSupport\DualSenseSupport.csproj", "{6703B03F-E152-446F-A56E-5C226D169848}"
EndProject
Project("{FAE04EC0-301F-11D3-BF4B-00C04F79EFBC}") = "DSApps", "DSApps\DSApps.csproj", "{269EC777-2D29-4541-B8FE-1D6A46814E98}"
EndProject
Global
	GlobalSection(SolutionConfigurationPlatforms) = preSolution
		Debug|Any CPU = Debug|Any CPU
		Debug|x64 = Debug|x64
		Release|Any CPU = Release|Any CPU
		Release|x64 = Release|x64
	EndGlobalSection
	GlobalSection(ProjectConfigurationPlatforms) = postSolution
		{8C7DE764-9106-421A-A70E-1651A824873C}.Debug|Any CPU.ActiveCfg = Debug|Any CPU
		{8C7DE764-9106-421A-A70E-1651A824873C}.Debug|Any CPU.Build.0 = Debug|Any CPU
		{8C7DE764-9106-421A-A70E-1651A824873C}.Debug|x64.ActiveCfg = Debug|x64
		{8C7DE764-9106-421A-A70E-1651A824873C}.Debug|x64.Build.0 = Debug|x64
		{8C7DE764-9106-421A-A70E-1651A824873C}.Release|Any CPU.ActiveCfg = Release|Any CPU
		{8C7DE764-9106-421A-A70E-1651A824873C}.Release|Any CPU.Build.0 = Release|Any CPU
		{8C7DE764-9106-421A-A70E-1651A824873C}.Release|x64.ActiveCfg = Release|x64
		{8C7DE764-9106-421A-A70E-1651A824873C}.Release|x64.Build.0 = Release|x64
		{6703B03F-E152-446F-A56E-5C226D169848}.Debug|Any CPU.ActiveCfg = Debug|Any CPU
		{6703B03F-E152-446F-A56E-5C226D169848}.Debug|Any CPU.Build.0 = Debug|Any CPU
		{6703B03F-E152-446F-A56E-5C226D169848}.Debug|x64.ActiveCfg = Debug|x64
		{6703B03F-E152-446F-A56E-5C226D169848}.Debug|x64.Build.0 = Debug|x64
		{6703B03F-E152-446F-A56E-5C226D169848}.Release|Any CPU.ActiveCfg = Release|Any CPU
		{6703B03F-E152-446F-A56E-5C226D169848}.Release|Any CPU.Build.0 = Release|Any CPU
		{6703B03F-E152-446F-A56E-5C226D169848}.Release|x64.ActiveCfg = Release|x64
		{6703B03F-E152-446F-A56E-5C226D169848}.Release|x64.Build.0 = Release|x64
		{269EC777-2D29-4541-B8FE-1D6A46814E98}.Debug|Any CPU.ActiveCfg = Debug|Any CPU
		{269EC777-2D29-4541-B8FE-1D6A46814E98}.Debug|Any CPU.Build.0 = Debug|Any CPU
		{269EC777-2D29-4541-B8FE-1D6A46814E98}.Debug|x64.ActiveCfg = Debug|Any CPU
		{269EC777-2D29-4541-B8FE-1D6A46814E98}.Debug|x64.Build.0 = Debug|Any CPU
		{269EC777-2D29-4541-B8FE-1D6A46814E98}.Release|Any CPU.ActiveCfg = Release|Any CPU
		{269EC777-2D29-4541-B8FE-1D6A46814E98}.Release|Any CPU.Build.0 = Release|Any CPU
		{269EC777-2D29-4541-B8FE-1D6A46814E98}.Release|x64.ActiveCfg = Release|Any CPU
		{269EC777-2D29-4541-B8FE-1D6A46814E98}.Release|x64.Build.0 = Release|Any CPU
	EndGlobalSection
	GlobalSection(SolutionProperties) = preSolution
		HideSolutionNode = FALSE
	EndGlobalSection
	GlobalSection(ExtensibilityGlobals) = postSolution
		SolutionGuid = {12EFCCCF-1C26-43A7-93ED-567337DCE3DE}
	EndGlobalSection
EndGlobal
